PODS:
  - DACircularProgress (2.3.1)
  - pop (1.0.12)
  - SDWebImage (5.3.1):
    - SDWebImage/Core (= 5.3.1)
  - SDWebImage/Core (5.3.1)

DEPENDENCIES:
  - DACircularProgress
  - pop
  - SDWebImage

SPEC REPOS:
  https://github.com/CocoaPods/Specs.git:
    - DACircularProgress
    - pop
    - SDWebImage

SPEC CHECKSUMS:
  DACircularProgress: 4dd437c0fc3da5161cb289e07ac449493d41db71
  pop: d582054913807fd11fd50bfe6a539d91c7e1a55a
  SDWebImage: 7137d57385fb632129838c1e6ab9528a22c666cc

PODFILE CHECKSUM: 7c9b8bb160246eb04b56feab0ec4a8fb149d5fa3

COCOAPODS: 1.8.4
